
Microsoft Visual Studio Solution File, Format Version 12.00
# Visual Studio 15
VisualStudioVersion = 15.0.28010.2003
MinimumVisualStudioVersion = 10.0.40219.1
Project("{FAE04EC0-301F-11D3-BF4B-00C04F79EFBC}") = "EstudoASP", "EstudoASP\EstudoASP.csproj", "{12A706F1-C385-42EA-B4D5-A2CC65C8DF12}"
EndProject
Global
	GlobalSection(SolutionConfigurationPlatforms) = preSolution
		Debug|Any CPU = Debug|Any CPU
		Release|Any CPU = Release|Any CPU
	EndGlobalSection
	GlobalSection(ProjectConfigurationPlatforms) = postSolution
		{12A706F1-C385-42EA-B4D5-A2CC65C8DF12}.Debug|Any CPU.ActiveCfg = Debug|Any CPU
		{12A706F1-C385-42EA-B4D5-A2CC65C8DF12}.Debug|Any CPU.Build.0 = Debug|Any CPU
		{12A706F1-C385-42EA-B4D5-A2CC65C8DF12}.Release|Any CPU.ActiveCfg = Release|Any CPU
		{12A706F1-C385-42EA-B4D5-A2CC65C8DF12}.Release|Any CPU.Build.0 = Release|Any CPU
	EndGlobalSection
	GlobalSection(SolutionProperties) = preSolution
		HideSolutionNode = FALSE
	EndGlobalSection
	GlobalSection(ExtensibilityGlobals) = postSolution
		SolutionGuid = {A58A8880-7982-4C06-8AC5-5807058B4A90}
	EndGlobalSection
EndGlobal
